// !$*UTF8*$!
{
	archiveVersion = 1;
	classes = {
	};
	objectVersion = 55;
	objects = {

/* Begin PBXBuildFile section */
		4E6FB7A72A34392D002185B3 /* SingleImageViewController.swift in Sources */ = {isa = PBXBuildFile; fileRef = 4E6FB7A62A34392D002185B3 /* SingleImageViewController.swift */; };
		4EB017C52A45FBD900C3BA04 /* Constants.swift in Sources */ = {isa = PBXBuildFile; fileRef = 4EB017C42A45FBD900C3BA04 /* Constants.swift */; };
		4EB017C82A478BED00C3BA04 /* AuthViewController.swift in Sources */ = {isa = PBXBuildFile; fileRef = 4EB017C72A478BED00C3BA04 /* AuthViewController.swift */; };
		4EB017CA2A478DEA00C3BA04 /* WebViewViewController.swift in Sources */ = {isa = PBXBuildFile; fileRef = 4EB017C92A478DEA00C3BA04 /* WebViewViewController.swift */; };
		4EB017CC2A48B1D200C3BA04 /* WebViewViewControllerDelegate.swift in Sources */ = {isa = PBXBuildFile; fileRef = 4EB017CB2A48B1D200C3BA04 /* WebViewViewControllerDelegate.swift */; };
		4EB017CF2A4B6D4600C3BA04 /* OAuthTokenResponseBody.swift in Sources */ = {isa = PBXBuildFile; fileRef = 4EB017CE2A4B6D4600C3BA04 /* OAuthTokenResponseBody.swift */; };
		4EB017D12A4B6EE800C3BA04 /* OAuth2Service.swift in Sources */ = {isa = PBXBuildFile; fileRef = 4EB017D02A4B6EE800C3BA04 /* OAuth2Service.swift */; };
		4EB017D32A4B7C6700C3BA04 /* OAuthTokenRequestBody.swift in Sources */ = {isa = PBXBuildFile; fileRef = 4EB017D22A4B7C6700C3BA04 /* OAuthTokenRequestBody.swift */; };
		4EB017D82A4D33D000C3BA04 /* UIColor+Extensions.swift in Sources */ = {isa = PBXBuildFile; fileRef = 4EB017D72A4D33D000C3BA04 /* UIColor+Extensions.swift */; };
		4EB017DA2A4D345B00C3BA04 /* URLSession+Extensions.swift in Sources */ = {isa = PBXBuildFile; fileRef = 4EB017D92A4D345B00C3BA04 /* URLSession+Extensions.swift */; };
		4EB017DC2A4D358C00C3BA04 /* URLRequest+Extensions.swift in Sources */ = {isa = PBXBuildFile; fileRef = 4EB017DB2A4D358C00C3BA04 /* URLRequest+Extensions.swift */; };
		4EB017DE2A4E0CFD00C3BA04 /* OAuthTokenStorage.swift in Sources */ = {isa = PBXBuildFile; fileRef = 4EB017DD2A4E0CFD00C3BA04 /* OAuthTokenStorage.swift */; };
		4EB017E12A4F763200C3BA04 /* SplashViewController.swift in Sources */ = {isa = PBXBuildFile; fileRef = 4EB017E02A4F763200C3BA04 /* SplashViewController.swift */; };
		4EB017E32A4F7E8900C3BA04 /* AuthViewControllerDelegate.swift in Sources */ = {isa = PBXBuildFile; fileRef = 4EB017E22A4F7E8900C3BA04 /* AuthViewControllerDelegate.swift */; };
		4EB017E82A5749C100C3BA04 /* ProgressHUD in Frameworks */ = {isa = PBXBuildFile; productRef = 4EB017E72A5749C100C3BA04 /* ProgressHUD */; };
		4EB017EA2A5896D000C3BA04 /* UIBlockingProgressHUD.swift in Sources */ = {isa = PBXBuildFile; fileRef = 4EB017E92A5896D000C3BA04 /* UIBlockingProgressHUD.swift */; };
		4EB017EC2A589E3C00C3BA04 /* ProfileService.swift in Sources */ = {isa = PBXBuildFile; fileRef = 4EB017EB2A589E3C00C3BA04 /* ProfileService.swift */; };
		4EB017EF2A589E9500C3BA04 /* ProfileResponse.swift in Sources */ = {isa = PBXBuildFile; fileRef = 4EB017EE2A589E9500C3BA04 /* ProfileResponse.swift */; };
		4EB017F12A58A01C00C3BA04 /* Profile.swift in Sources */ = {isa = PBXBuildFile; fileRef = 4EB017F02A58A01C00C3BA04 /* Profile.swift */; };
		4EB7A63B2A5C5E5100B74F52 /* ProfileImageService.swift in Sources */ = {isa = PBXBuildFile; fileRef = 4EB7A63A2A5C5E5100B74F52 /* ProfileImageService.swift */; };
		4EB7A63E2A5C5EDA00B74F52 /* UserResponse.swift in Sources */ = {isa = PBXBuildFile; fileRef = 4EB7A63D2A5C5EDA00B74F52 /* UserResponse.swift */; };
		4EB7A6402A5C5EE200B74F52 /* User.swift in Sources */ = {isa = PBXBuildFile; fileRef = 4EB7A63F2A5C5EE200B74F52 /* User.swift */; };
		4EC0D2D32A33AC4100E8DF3C /* ProfileViewController.swift in Sources */ = {isa = PBXBuildFile; fileRef = 4EC0D2D22A33AC4100E8DF3C /* ProfileViewController.swift */; };
		4EDB1D232A5EF35E00C56A6A /* Kingfisher in Frameworks */ = {isa = PBXBuildFile; productRef = 4EDB1D222A5EF35E00C56A6A /* Kingfisher */; };
		4EDB1D262A5F3DF400C56A6A /* SwiftKeychainWrapper in Frameworks */ = {isa = PBXBuildFile; productRef = 4EDB1D252A5F3DF400C56A6A /* SwiftKeychainWrapper */; };
		4EDB1D292A60493000C56A6A /* TabBarController.swift in Sources */ = {isa = PBXBuildFile; fileRef = 4EDB1D282A60493000C56A6A /* TabBarController.swift */; };
		7D3DFB1528DDF696005A13F3 /* ImagesListCell.swift in Sources */ = {isa = PBXBuildFile; fileRef = 7D3DFB1328DDF696005A13F3 /* ImagesListCell.swift */; };
		7D3DFB1628DDF696005A13F3 /* ImagesListViewController.swift in Sources */ = {isa = PBXBuildFile; fileRef = 7D3DFB1428DDF696005A13F3 /* ImagesListViewController.swift */; };
		7D9CFA4328DDEE7F00D971A7 /* AppDelegate.swift in Sources */ = {isa = PBXBuildFile; fileRef = 7D9CFA4228DDEE7F00D971A7 /* AppDelegate.swift */; };
		7D9CFA4528DDEE7F00D971A7 /* SceneDelegate.swift in Sources */ = {isa = PBXBuildFile; fileRef = 7D9CFA4428DDEE7F00D971A7 /* SceneDelegate.swift */; };
		7D9CFA4A28DDEE7F00D971A7 /* Main.storyboard in Resources */ = {isa = PBXBuildFile; fileRef = 7D9CFA4828DDEE7F00D971A7 /* Main.storyboard */; };
		7D9CFA4C28DDEE8000D971A7 /* Assets.xcassets in Resources */ = {isa = PBXBuildFile; fileRef = 7D9CFA4B28DDEE8000D971A7 /* Assets.xcassets */; };
		7D9CFA4F28DDEE8000D971A7 /* LaunchScreen.storyboard in Resources */ = {isa = PBXBuildFile; fileRef = 7D9CFA4D28DDEE8000D971A7 /* LaunchScreen.storyboard */; };
/* End PBXBuildFile section */

/* Begin PBXFileReference section */
		4E6FB7A62A34392D002185B3 /* SingleImageViewController.swift */ = {isa = PBXFileReference; lastKnownFileType = sourcecode.swift; path = SingleImageViewController.swift; sourceTree = "<group>"; };
		4EB017C42A45FBD900C3BA04 /* Constants.swift */ = {isa = PBXFileReference; lastKnownFileType = sourcecode.swift; path = Constants.swift; sourceTree = "<group>"; };
		4EB017C72A478BED00C3BA04 /* AuthViewController.swift */ = {isa = PBXFileReference; lastKnownFileType = sourcecode.swift; path = AuthViewController.swift; sourceTree = "<group>"; };
		4EB017C92A478DEA00C3BA04 /* WebViewViewController.swift */ = {isa = PBXFileReference; lastKnownFileType = sourcecode.swift; path = WebViewViewController.swift; sourceTree = "<group>"; };
		4EB017CB2A48B1D200C3BA04 /* WebViewViewControllerDelegate.swift */ = {isa = PBXFileReference; lastKnownFileType = sourcecode.swift; path = WebViewViewControllerDelegate.swift; sourceTree = "<group>"; };
		4EB017CE2A4B6D4600C3BA04 /* OAuthTokenResponseBody.swift */ = {isa = PBXFileReference; lastKnownFileType = sourcecode.swift; path = OAuthTokenResponseBody.swift; sourceTree = "<group>"; };
		4EB017D02A4B6EE800C3BA04 /* OAuth2Service.swift */ = {isa = PBXFileReference; lastKnownFileType = sourcecode.swift; path = OAuth2Service.swift; sourceTree = "<group>"; };
		4EB017D22A4B7C6700C3BA04 /* OAuthTokenRequestBody.swift */ = {isa = PBXFileReference; lastKnownFileType = sourcecode.swift; path = OAuthTokenRequestBody.swift; sourceTree = "<group>"; };
		4EB017D72A4D33D000C3BA04 /* UIColor+Extensions.swift */ = {isa = PBXFileReference; fileEncoding = 4; lastKnownFileType = sourcecode.swift; path = "UIColor+Extensions.swift"; sourceTree = "<group>"; };
		4EB017D92A4D345B00C3BA04 /* URLSession+Extensions.swift */ = {isa = PBXFileReference; lastKnownFileType = sourcecode.swift; path = "URLSession+Extensions.swift"; sourceTree = "<group>"; };
		4EB017DB2A4D358C00C3BA04 /* URLRequest+Extensions.swift */ = {isa = PBXFileReference; lastKnownFileType = sourcecode.swift; path = "URLRequest+Extensions.swift"; sourceTree = "<group>"; };
		4EB017DD2A4E0CFD00C3BA04 /* OAuthTokenStorage.swift */ = {isa = PBXFileReference; lastKnownFileType = sourcecode.swift; path = OAuthTokenStorage.swift; sourceTree = "<group>"; };
		4EB017E02A4F763200C3BA04 /* SplashViewController.swift */ = {isa = PBXFileReference; lastKnownFileType = sourcecode.swift; path = SplashViewController.swift; sourceTree = "<group>"; };
		4EB017E22A4F7E8900C3BA04 /* AuthViewControllerDelegate.swift */ = {isa = PBXFileReference; lastKnownFileType = sourcecode.swift; path = AuthViewControllerDelegate.swift; sourceTree = "<group>"; };
		4EB017E92A5896D000C3BA04 /* UIBlockingProgressHUD.swift */ = {isa = PBXFileReference; lastKnownFileType = sourcecode.swift; path = UIBlockingProgressHUD.swift; sourceTree = "<group>"; };
		4EB017EB2A589E3C00C3BA04 /* ProfileService.swift */ = {isa = PBXFileReference; lastKnownFileType = sourcecode.swift; path = ProfileService.swift; sourceTree = "<group>"; };
		4EB017EE2A589E9500C3BA04 /* ProfileResponse.swift */ = {isa = PBXFileReference; lastKnownFileType = sourcecode.swift; path = ProfileResponse.swift; sourceTree = "<group>"; };
		4EB017F02A58A01C00C3BA04 /* Profile.swift */ = {isa = PBXFileReference; lastKnownFileType = sourcecode.swift; path = Profile.swift; sourceTree = "<group>"; };
		4EB7A63A2A5C5E5100B74F52 /* ProfileImageService.swift */ = {isa = PBXFileReference; lastKnownFileType = sourcecode.swift; path = ProfileImageService.swift; sourceTree = "<group>"; };
		4EB7A63D2A5C5EDA00B74F52 /* UserResponse.swift */ = {isa = PBXFileReference; lastKnownFileType = sourcecode.swift; path = UserResponse.swift; sourceTree = "<group>"; };
		4EB7A63F2A5C5EE200B74F52 /* User.swift */ = {isa = PBXFileReference; lastKnownFileType = sourcecode.swift; path = User.swift; sourceTree = "<group>"; };
		4EC0D2D22A33AC4100E8DF3C /* ProfileViewController.swift */ = {isa = PBXFileReference; lastKnownFileType = sourcecode.swift; path = ProfileViewController.swift; sourceTree = "<group>"; };
		4EDB1D282A60493000C56A6A /* TabBarController.swift */ = {isa = PBXFileReference; lastKnownFileType = sourcecode.swift; path = TabBarController.swift; sourceTree = "<group>"; };
		7D3DFB1328DDF696005A13F3 /* ImagesListCell.swift */ = {isa = PBXFileReference; fileEncoding = 4; lastKnownFileType = sourcecode.swift; path = ImagesListCell.swift; sourceTree = "<group>"; };
		7D3DFB1428DDF696005A13F3 /* ImagesListViewController.swift */ = {isa = PBXFileReference; fileEncoding = 4; lastKnownFileType = sourcecode.swift; path = ImagesListViewController.swift; sourceTree = "<group>"; };
		7D9CFA3F28DDEE7F00D971A7 /* Image Feed.app */ = {isa = PBXFileReference; explicitFileType = wrapper.application; includeInIndex = 0; path = "Image Feed.app"; sourceTree = BUILT_PRODUCTS_DIR; };
		7D9CFA4228DDEE7F00D971A7 /* AppDelegate.swift */ = {isa = PBXFileReference; lastKnownFileType = sourcecode.swift; path = AppDelegate.swift; sourceTree = "<group>"; };
		7D9CFA4428DDEE7F00D971A7 /* SceneDelegate.swift */ = {isa = PBXFileReference; lastKnownFileType = sourcecode.swift; path = SceneDelegate.swift; sourceTree = "<group>"; };
		7D9CFA4928DDEE7F00D971A7 /* Base */ = {isa = PBXFileReference; lastKnownFileType = file.storyboard; name = Base; path = Base.lproj/Main.storyboard; sourceTree = "<group>"; };
		7D9CFA4B28DDEE8000D971A7 /* Assets.xcassets */ = {isa = PBXFileReference; lastKnownFileType = folder.assetcatalog; path = Assets.xcassets; sourceTree = "<group>"; };
		7D9CFA4E28DDEE8000D971A7 /* Base */ = {isa = PBXFileReference; lastKnownFileType = file.storyboard; name = Base; path = Base.lproj/LaunchScreen.storyboard; sourceTree = "<group>"; };
		7D9CFA5028DDEE8000D971A7 /* Info.plist */ = {isa = PBXFileReference; lastKnownFileType = text.plist.xml; path = Info.plist; sourceTree = "<group>"; };
/* End PBXFileReference section */

/* Begin PBXFrameworksBuildPhase section */
		7D9CFA3C28DDEE7F00D971A7 /* Frameworks */ = {
			isa = PBXFrameworksBuildPhase;
			buildActionMask = 2147483647;
			files = (
				4EDB1D232A5EF35E00C56A6A /* Kingfisher in Frameworks */,
				4EB017E82A5749C100C3BA04 /* ProgressHUD in Frameworks */,
				4EDB1D262A5F3DF400C56A6A /* SwiftKeychainWrapper in Frameworks */,
			);
			runOnlyForDeploymentPostprocessing = 0;
		};
/* End PBXFrameworksBuildPhase section */

/* Begin PBXGroup section */
		4EB017C62A478BD700C3BA04 /* Auth */ = {
			isa = PBXGroup;
			children = (
				4EB017C72A478BED00C3BA04 /* AuthViewController.swift */,
				4EB017E22A4F7E8900C3BA04 /* AuthViewControllerDelegate.swift */,
				4EB017C92A478DEA00C3BA04 /* WebViewViewController.swift */,
				4EB017CB2A48B1D200C3BA04 /* WebViewViewControllerDelegate.swift */,
			);
			path = Auth;
			sourceTree = "<group>";
		};
		4EB017CD2A4B6D2200C3BA04 /* Models */ = {
			isa = PBXGroup;
			children = (
				4EB7A63C2A5C5EC500B74F52 /* User */,
				4EB017ED2A589E8600C3BA04 /* Profile */,
				4EB017D42A4B7C6D00C3BA04 /* Auth */,
			);
			path = Models;
			sourceTree = "<group>";
		};
		4EB017D42A4B7C6D00C3BA04 /* Auth */ = {
			isa = PBXGroup;
			children = (
				4EB017CE2A4B6D4600C3BA04 /* OAuthTokenResponseBody.swift */,
				4EB017D22A4B7C6700C3BA04 /* OAuthTokenRequestBody.swift */,
			);
			path = Auth;
			sourceTree = "<group>";
		};
		4EB017D62A4D33D000C3BA04 /* Helpers */ = {
			isa = PBXGroup;
			children = (
				4EB017D72A4D33D000C3BA04 /* UIColor+Extensions.swift */,
				4EB017D92A4D345B00C3BA04 /* URLSession+Extensions.swift */,
				4EB017DB2A4D358C00C3BA04 /* URLRequest+Extensions.swift */,
			);
			name = Helpers;
			path = "Image Feed/Helpers";
			sourceTree = "<group>";
		};
		4EB017DF2A4E1B3100C3BA04 /* Profile */ = {
			isa = PBXGroup;
			children = (
				4EC0D2D22A33AC4100E8DF3C /* ProfileViewController.swift */,
			);
			path = Profile;
			sourceTree = "<group>";
		};
		4EB017E42A4F8B9800C3BA04 /* SplashViewController */ = {
			isa = PBXGroup;
			children = (
				4EB017E02A4F763200C3BA04 /* SplashViewController.swift */,
			);
			path = SplashViewController;
			sourceTree = "<group>";
		};
		4EB017E52A4F8BB100C3BA04 /* Services */ = {
			isa = PBXGroup;
			children = (
				4EB017D02A4B6EE800C3BA04 /* OAuth2Service.swift */,
				4EB017DD2A4E0CFD00C3BA04 /* OAuthTokenStorage.swift */,
				4EB017EB2A589E3C00C3BA04 /* ProfileService.swift */,
				4EB7A63A2A5C5E5100B74F52 /* ProfileImageService.swift */,
			);
			path = Services;
			sourceTree = "<group>";
		};
		4EB017ED2A589E8600C3BA04 /* Profile */ = {
			isa = PBXGroup;
			children = (
				4EB017EE2A589E9500C3BA04 /* ProfileResponse.swift */,
				4EB017F02A58A01C00C3BA04 /* Profile.swift */,
			);
			path = Profile;
			sourceTree = "<group>";
		};
		4EB7A63C2A5C5EC500B74F52 /* User */ = {
			isa = PBXGroup;
			children = (
				4EB7A63D2A5C5EDA00B74F52 /* UserResponse.swift */,
				4EB7A63F2A5C5EE200B74F52 /* User.swift */,
			);
			path = User;
			sourceTree = "<group>";
		};
		4EDB1D272A60491A00C56A6A /* TabBarController */ = {
			isa = PBXGroup;
			children = (
				4EDB1D282A60493000C56A6A /* TabBarController.swift */,
			);
			path = TabBarController;
			sourceTree = "<group>";
		};
		7D9CFA3628DDEE7F00D971A7 = {
			isa = PBXGroup;
			children = (
				4EB017D62A4D33D000C3BA04 /* Helpers */,
				7D9CFA4128DDEE7F00D971A7 /* Image Feed */,
				7D9CFA4028DDEE7F00D971A7 /* Products */,
			);
			sourceTree = "<group>";
		};
		7D9CFA4028DDEE7F00D971A7 /* Products */ = {
			isa = PBXGroup;
			children = (
				7D9CFA3F28DDEE7F00D971A7 /* Image Feed.app */,
			);
			name = Products;
			sourceTree = "<group>";
		};
		7D9CFA4128DDEE7F00D971A7 /* Image Feed */ = {
			isa = PBXGroup;
			children = (
				4EDB1D272A60491A00C56A6A /* TabBarController */,
				4EB017E52A4F8BB100C3BA04 /* Services */,
				4EB017E42A4F8B9800C3BA04 /* SplashViewController */,
				4EB017DF2A4E1B3100C3BA04 /* Profile */,
				4EB017CD2A4B6D2200C3BA04 /* Models */,
				4EB017C62A478BD700C3BA04 /* Auth */,
				7D9CFA4228DDEE7F00D971A7 /* AppDelegate.swift */,
				7D9CFA4428DDEE7F00D971A7 /* SceneDelegate.swift */,
				4EB017C42A45FBD900C3BA04 /* Constants.swift */,
				7D9CFA5A28DDF66900D971A7 /* ImagesList */,
				7D9CFA4B28DDEE8000D971A7 /* Assets.xcassets */,
				7D9CFA4828DDEE7F00D971A7 /* Main.storyboard */,
				7D9CFA4D28DDEE8000D971A7 /* LaunchScreen.storyboard */,
				7D9CFA5028DDEE8000D971A7 /* Info.plist */,
				4EB017E92A5896D000C3BA04 /* UIBlockingProgressHUD.swift */,
			);
			path = "Image Feed";
			sourceTree = "<group>";
		};
		7D9CFA5A28DDF66900D971A7 /* ImagesList */ = {
			isa = PBXGroup;
			children = (
				7D3DFB1328DDF696005A13F3 /* ImagesListCell.swift */,
				7D3DFB1428DDF696005A13F3 /* ImagesListViewController.swift */,
				4E6FB7A62A34392D002185B3 /* SingleImageViewController.swift */,
			);
			path = ImagesList;
			sourceTree = "<group>";
		};
/* End PBXGroup section */

/* Begin PBXNativeTarget section */
		7D9CFA3E28DDEE7F00D971A7 /* Image Feed */ = {
			isa = PBXNativeTarget;
			buildConfigurationList = 7D9CFA5328DDEE8000D971A7 /* Build configuration list for PBXNativeTarget "Image Feed" */;
			buildPhases = (
				7D9CFA3B28DDEE7F00D971A7 /* Sources */,
				7D9CFA3C28DDEE7F00D971A7 /* Frameworks */,
				7D9CFA3D28DDEE7F00D971A7 /* Resources */,
			);
			buildRules = (
			);
			dependencies = (
			);
			name = "Image Feed";
			packageProductDependencies = (
				4EB017E72A5749C100C3BA04 /* ProgressHUD */,
				4EDB1D222A5EF35E00C56A6A /* Kingfisher */,
				4EDB1D252A5F3DF400C56A6A /* SwiftKeychainWrapper */,
			);
			productName = "Image Feed";
			productReference = 7D9CFA3F28DDEE7F00D971A7 /* Image Feed.app */;
			productType = "com.apple.product-type.application";
		};
/* End PBXNativeTarget section */

/* Begin PBXProject section */
		7D9CFA3728DDEE7F00D971A7 /* Project object */ = {
			isa = PBXProject;
			attributes = {
				BuildIndependentTargetsInParallel = 1;
				LastSwiftUpdateCheck = 1340;
				LastUpgradeCheck = 1340;
				TargetAttributes = {
					7D9CFA3E28DDEE7F00D971A7 = {
						CreatedOnToolsVersion = 13.4.1;
					};
				};
			};
			buildConfigurationList = 7D9CFA3A28DDEE7F00D971A7 /* Build configuration list for PBXProject "Image Feed" */;
			compatibilityVersion = "Xcode 13.0";
			developmentRegion = en;
			hasScannedForEncodings = 0;
			knownRegions = (
				en,
				Base,
			);
			mainGroup = 7D9CFA3628DDEE7F00D971A7;
			packageReferences = (
				4EB017E62A5749C100C3BA04 /* XCRemoteSwiftPackageReference "ProgressHUD" */,
				4EDB1D212A5EF35E00C56A6A /* XCRemoteSwiftPackageReference "Kingfisher" */,
				4EDB1D242A5F3DF400C56A6A /* XCRemoteSwiftPackageReference "SwiftKeychainWrapper" */,
			);
			productRefGroup = 7D9CFA4028DDEE7F00D971A7 /* Products */;
			projectDirPath = "";
			projectRoot = "";
			targets = (
				7D9CFA3E28DDEE7F00D971A7 /* Image Feed */,
			);
		};
/* End PBXProject section */

/* Begin PBXResourcesBuildPhase section */
		7D9CFA3D28DDEE7F00D971A7 /* Resources */ = {
			isa = PBXResourcesBuildPhase;
			buildActionMask = 2147483647;
			files = (
				7D9CFA4F28DDEE8000D971A7 /* LaunchScreen.storyboard in Resources */,
				7D9CFA4C28DDEE8000D971A7 /* Assets.xcassets in Resources */,
				7D9CFA4A28DDEE7F00D971A7 /* Main.storyboard in Resources */,
			);
			runOnlyForDeploymentPostprocessing = 0;
		};
/* End PBXResourcesBuildPhase section */

/* Begin PBXSourcesBuildPhase section */
		7D9CFA3B28DDEE7F00D971A7 /* Sources */ = {
			isa = PBXSourcesBuildPhase;
			buildActionMask = 2147483647;
			files = (
				4EB7A6402A5C5EE200B74F52 /* User.swift in Sources */,
				4EB017EF2A589E9500C3BA04 /* ProfileResponse.swift in Sources */,
				4EB017CA2A478DEA00C3BA04 /* WebViewViewController.swift in Sources */,
				4EDB1D292A60493000C56A6A /* TabBarController.swift in Sources */,
				4EB017D82A4D33D000C3BA04 /* UIColor+Extensions.swift in Sources */,
				4EB017F12A58A01C00C3BA04 /* Profile.swift in Sources */,
				7D9CFA4328DDEE7F00D971A7 /* AppDelegate.swift in Sources */,
				4EB017EA2A5896D000C3BA04 /* UIBlockingProgressHUD.swift in Sources */,
				4EB017E12A4F763200C3BA04 /* SplashViewController.swift in Sources */,
				4EB017D12A4B6EE800C3BA04 /* OAuth2Service.swift in Sources */,
				4EB017CF2A4B6D4600C3BA04 /* OAuthTokenResponseBody.swift in Sources */,
				4EB7A63B2A5C5E5100B74F52 /* ProfileImageService.swift in Sources */,
				4EB7A63E2A5C5EDA00B74F52 /* UserResponse.swift in Sources */,
				7D9CFA4528DDEE7F00D971A7 /* SceneDelegate.swift in Sources */,
				4EB017D32A4B7C6700C3BA04 /* OAuthTokenRequestBody.swift in Sources */,
				4EB017DE2A4E0CFD00C3BA04 /* OAuthTokenStorage.swift in Sources */,
				4EC0D2D32A33AC4100E8DF3C /* ProfileViewController.swift in Sources */,
				4EB017DA2A4D345B00C3BA04 /* URLSession+Extensions.swift in Sources */,
				7D3DFB1628DDF696005A13F3 /* ImagesListViewController.swift in Sources */,
				4EB017DC2A4D358C00C3BA04 /* URLRequest+Extensions.swift in Sources */,
				4E6FB7A72A34392D002185B3 /* SingleImageViewController.swift in Sources */,
				4EB017CC2A48B1D200C3BA04 /* WebViewViewControllerDelegate.swift in Sources */,
				7D3DFB1528DDF696005A13F3 /* ImagesListCell.swift in Sources */,
				4EB017E32A4F7E8900C3BA04 /* AuthViewControllerDelegate.swift in Sources */,
				4EB017C82A478BED00C3BA04 /* AuthViewController.swift in Sources */,
				4EB017C52A45FBD900C3BA04 /* Constants.swift in Sources */,
				4EB017EC2A589E3C00C3BA04 /* ProfileService.swift in Sources */,
			);
			runOnlyForDeploymentPostprocessing = 0;
		};
/* End PBXSourcesBuildPhase section */

/* Begin PBXVariantGroup section */
		7D9CFA4828DDEE7F00D971A7 /* Main.storyboard */ = {
			isa = PBXVariantGroup;
			children = (
				7D9CFA4928DDEE7F00D971A7 /* Base */,
			);
			name = Main.storyboard;
			sourceTree = "<group>";
		};
		7D9CFA4D28DDEE8000D971A7 /* LaunchScreen.storyboard */ = {
			isa = PBXVariantGroup;
			children = (
				7D9CFA4E28DDEE8000D971A7 /* Base */,
			);
			name = LaunchScreen.storyboard;
			sourceTree = "<group>";
		};
/* End PBXVariantGroup section */

/* Begin XCBuildConfiguration section */
		7D9CFA5128DDEE8000D971A7 /* Debug */ = {
			isa = XCBuildConfiguration;
			buildSettings = {
				ALWAYS_SEARCH_USER_PATHS = NO;
				CLANG_ANALYZER_NONNULL = YES;
				CLANG_ANALYZER_NUMBER_OBJECT_CONVERSION = YES_AGGRESSIVE;
				CLANG_CXX_LANGUAGE_STANDARD = "gnu++17";
				CLANG_ENABLE_MODULES = YES;
				CLANG_ENABLE_OBJC_ARC = YES;
				CLANG_ENABLE_OBJC_WEAK = YES;
				CLANG_WARN_BLOCK_CAPTURE_AUTORELEASING = YES;
				CLANG_WARN_BOOL_CONVERSION = YES;
				CLANG_WARN_COMMA = YES;
				CLANG_WARN_CONSTANT_CONVERSION = YES;
				CLANG_WARN_DEPRECATED_OBJC_IMPLEMENTATIONS = YES;
				CLANG_WARN_DIRECT_OBJC_ISA_USAGE = YES_ERROR;
				CLANG_WARN_DOCUMENTATION_COMMENTS = YES;
				CLANG_WARN_EMPTY_BODY = YES;
				CLANG_WARN_ENUM_CONVERSION = YES;
				CLANG_WARN_INFINITE_RECURSION = YES;
				CLANG_WARN_INT_CONVERSION = YES;
				CLANG_WARN_NON_LITERAL_NULL_CONVERSION = YES;
				CLANG_WARN_OBJC_IMPLICIT_RETAIN_SELF = YES;
				CLANG_WARN_OBJC_LITERAL_CONVERSION = YES;
				CLANG_WARN_OBJC_ROOT_CLASS = YES_ERROR;
				CLANG_WARN_QUOTED_INCLUDE_IN_FRAMEWORK_HEADER = YES;
				CLANG_WARN_RANGE_LOOP_ANALYSIS = YES;
				CLANG_WARN_STRICT_PROTOTYPES = YES;
				CLANG_WARN_SUSPICIOUS_MOVE = YES;
				CLANG_WARN_UNGUARDED_AVAILABILITY = YES_AGGRESSIVE;
				CLANG_WARN_UNREACHABLE_CODE = YES;
				CLANG_WARN__DUPLICATE_METHOD_MATCH = YES;
				COPY_PHASE_STRIP = NO;
				DEBUG_INFORMATION_FORMAT = dwarf;
				ENABLE_STRICT_OBJC_MSGSEND = YES;
				ENABLE_TESTABILITY = YES;
				GCC_C_LANGUAGE_STANDARD = gnu11;
				GCC_DYNAMIC_NO_PIC = NO;
				GCC_NO_COMMON_BLOCKS = YES;
				GCC_OPTIMIZATION_LEVEL = 0;
				GCC_PREPROCESSOR_DEFINITIONS = (
					"DEBUG=1",
					"$(inherited)",
				);
				GCC_WARN_64_TO_32_BIT_CONVERSION = YES;
				GCC_WARN_ABOUT_RETURN_TYPE = YES_ERROR;
				GCC_WARN_UNDECLARED_SELECTOR = YES;
				GCC_WARN_UNINITIALIZED_AUTOS = YES_AGGRESSIVE;
				GCC_WARN_UNUSED_FUNCTION = YES;
				GCC_WARN_UNUSED_VARIABLE = YES;
				IPHONEOS_DEPLOYMENT_TARGET = 13.0;
				MTL_ENABLE_DEBUG_INFO = INCLUDE_SOURCE;
				MTL_FAST_MATH = YES;
				ONLY_ACTIVE_ARCH = YES;
				SDKROOT = iphoneos;
				SWIFT_ACTIVE_COMPILATION_CONDITIONS = DEBUG;
				SWIFT_OPTIMIZATION_LEVEL = "-Onone";
			};
			name = Debug;
		};
		7D9CFA5228DDEE8000D971A7 /* Release */ = {
			isa = XCBuildConfiguration;
			buildSettings = {
				ALWAYS_SEARCH_USER_PATHS = NO;
				CLANG_ANALYZER_NONNULL = YES;
				CLANG_ANALYZER_NUMBER_OBJECT_CONVERSION = YES_AGGRESSIVE;
				CLANG_CXX_LANGUAGE_STANDARD = "gnu++17";
				CLANG_ENABLE_MODULES = YES;
				CLANG_ENABLE_OBJC_ARC = YES;
				CLANG_ENABLE_OBJC_WEAK = YES;
				CLANG_WARN_BLOCK_CAPTURE_AUTORELEASING = YES;
				CLANG_WARN_BOOL_CONVERSION = YES;
				CLANG_WARN_COMMA = YES;
				CLANG_WARN_CONSTANT_CONVERSION = YES;
				CLANG_WARN_DEPRECATED_OBJC_IMPLEMENTATIONS = YES;
				CLANG_WARN_DIRECT_OBJC_ISA_USAGE = YES_ERROR;
				CLANG_WARN_DOCUMENTATION_COMMENTS = YES;
				CLANG_WARN_EMPTY_BODY = YES;
				CLANG_WARN_ENUM_CONVERSION = YES;
				CLANG_WARN_INFINITE_RECURSION = YES;
				CLANG_WARN_INT_CONVERSION = YES;
				CLANG_WARN_NON_LITERAL_NULL_CONVERSION = YES;
				CLANG_WARN_OBJC_IMPLICIT_RETAIN_SELF = YES;
				CLANG_WARN_OBJC_LITERAL_CONVERSION = YES;
				CLANG_WARN_OBJC_ROOT_CLASS = YES_ERROR;
				CLANG_WARN_QUOTED_INCLUDE_IN_FRAMEWORK_HEADER = YES;
				CLANG_WARN_RANGE_LOOP_ANALYSIS = YES;
				CLANG_WARN_STRICT_PROTOTYPES = YES;
				CLANG_WARN_SUSPICIOUS_MOVE = YES;
				CLANG_WARN_UNGUARDED_AVAILABILITY = YES_AGGRESSIVE;
				CLANG_WARN_UNREACHABLE_CODE = YES;
				CLANG_WARN__DUPLICATE_METHOD_MATCH = YES;
				COPY_PHASE_STRIP = NO;
				DEBUG_INFORMATION_FORMAT = "dwarf-with-dsym";
				ENABLE_NS_ASSERTIONS = NO;
				ENABLE_STRICT_OBJC_MSGSEND = YES;
				GCC_C_LANGUAGE_STANDARD = gnu11;
				GCC_NO_COMMON_BLOCKS = YES;
				GCC_WARN_64_TO_32_BIT_CONVERSION = YES;
				GCC_WARN_ABOUT_RETURN_TYPE = YES_ERROR;
				GCC_WARN_UNDECLARED_SELECTOR = YES;
				GCC_WARN_UNINITIALIZED_AUTOS = YES_AGGRESSIVE;
				GCC_WARN_UNUSED_FUNCTION = YES;
				GCC_WARN_UNUSED_VARIABLE = YES;
				IPHONEOS_DEPLOYMENT_TARGET = 13.0;
				MTL_ENABLE_DEBUG_INFO = NO;
				MTL_FAST_MATH = YES;
				SDKROOT = iphoneos;
				SWIFT_COMPILATION_MODE = wholemodule;
				SWIFT_OPTIMIZATION_LEVEL = "-O";
				VALIDATE_PRODUCT = YES;
			};
			name = Release;
		};
		7D9CFA5428DDEE8000D971A7 /* Debug */ = {
			isa = XCBuildConfiguration;
			buildSettings = {
				ASSETCATALOG_COMPILER_APPICON_NAME = AppIcon;
				ASSETCATALOG_COMPILER_GLOBAL_ACCENT_COLOR_NAME = AccentColor;
				CODE_SIGN_STYLE = Automatic;
				CURRENT_PROJECT_VERSION = 1;
				DEVELOPMENT_TEAM = V86AJZULXU;
				GENERATE_INFOPLIST_FILE = YES;
				INFOPLIST_FILE = "Image Feed/Info.plist";
				INFOPLIST_KEY_UIApplicationSupportsIndirectInputEvents = YES;
				INFOPLIST_KEY_UILaunchStoryboardName = LaunchScreen;
				INFOPLIST_KEY_UIMainStoryboardFile = Main;
				INFOPLIST_KEY_UISupportedInterfaceOrientations = UIInterfaceOrientationPortrait;
				INFOPLIST_KEY_UISupportedInterfaceOrientations_iPad = "UIInterfaceOrientationPortrait UIInterfaceOrientationPortraitUpsideDown UIInterfaceOrientationLandscapeLeft UIInterfaceOrientationLandscapeRight";
				INFOPLIST_KEY_UISupportedInterfaceOrientations_iPhone = UIInterfaceOrientationPortrait;
				LD_RUNPATH_SEARCH_PATHS = (
					"$(inherited)",
					"@executable_path/Frameworks",
				);
				MARKETING_VERSION = 1.0;
				PRODUCT_BUNDLE_IDENTIFIER = com.vrukhin.ImageFeed;
				PRODUCT_NAME = "$(TARGET_NAME)";
				SWIFT_EMIT_LOC_STRINGS = YES;
				SWIFT_VERSION = 5.0;
				TARGETED_DEVICE_FAMILY = 1;
			};
			name = Debug;
		};
		7D9CFA5528DDEE8000D971A7 /* Release */ = {
			isa = XCBuildConfiguration;
			buildSettings = {
				ASSETCATALOG_COMPILER_APPICON_NAME = AppIcon;
				ASSETCATALOG_COMPILER_GLOBAL_ACCENT_COLOR_NAME = AccentColor;
				CODE_SIGN_STYLE = Automatic;
				CURRENT_PROJECT_VERSION = 1;
				DEVELOPMENT_TEAM = V86AJZULXU;
				GENERATE_INFOPLIST_FILE = YES;
				INFOPLIST_FILE = "Image Feed/Info.plist";
				INFOPLIST_KEY_UIApplicationSupportsIndirectInputEvents = YES;
				INFOPLIST_KEY_UILaunchStoryboardName = LaunchScreen;
				INFOPLIST_KEY_UIMainStoryboardFile = Main;
				INFOPLIST_KEY_UISupportedInterfaceOrientations = UIInterfaceOrientationPortrait;
				INFOPLIST_KEY_UISupportedInterfaceOrientations_iPad = "UIInterfaceOrientationPortrait UIInterfaceOrientationPortraitUpsideDown UIInterfaceOrientationLandscapeLeft UIInterfaceOrientationLandscapeRight";
				INFOPLIST_KEY_UISupportedInterfaceOrientations_iPhone = UIInterfaceOrientationPortrait;
				LD_RUNPATH_SEARCH_PATHS = (
					"$(inherited)",
					"@executable_path/Frameworks",
				);
				MARKETING_VERSION = 1.0;
				PRODUCT_BUNDLE_IDENTIFIER = com.vrukhin.ImageFeed;
				PRODUCT_NAME = "$(TARGET_NAME)";
				SWIFT_EMIT_LOC_STRINGS = YES;
				SWIFT_VERSION = 5.0;
				TARGETED_DEVICE_FAMILY = 1;
			};
			name = Release;
		};
/* End XCBuildConfiguration section */

/* Begin XCConfigurationList section */
		7D9CFA3A28DDEE7F00D971A7 /* Build configuration list for PBXProject "Image Feed" */ = {
			isa = XCConfigurationList;
			buildConfigurations = (
				7D9CFA5128DDEE8000D971A7 /* Debug */,
				7D9CFA5228DDEE8000D971A7 /* Release */,
			);
			defaultConfigurationIsVisible = 0;
			defaultConfigurationName = Release;
		};
		7D9CFA5328DDEE8000D971A7 /* Build configuration list for PBXNativeTarget "Image Feed" */ = {
			isa = XCConfigurationList;
			buildConfigurations = (
				7D9CFA5428DDEE8000D971A7 /* Debug */,
				7D9CFA5528DDEE8000D971A7 /* Release */,
			);
			defaultConfigurationIsVisible = 0;
			defaultConfigurationName = Release;
		};
/* End XCConfigurationList section */

/* Begin XCRemoteSwiftPackageReference section */
		4EB017E62A5749C100C3BA04 /* XCRemoteSwiftPackageReference "ProgressHUD" */ = {
			isa = XCRemoteSwiftPackageReference;
			repositoryURL = "https://github.com/relatedcode/ProgressHUD";
			requirement = {
				kind = exactVersion;
				version = 13.7.1;
			};
		};
		4EDB1D212A5EF35E00C56A6A /* XCRemoteSwiftPackageReference "Kingfisher" */ = {
			isa = XCRemoteSwiftPackageReference;
			repositoryURL = "https://github.com/onevcat/Kingfisher.git";
			requirement = {
				kind = upToNextMajorVersion;
				minimumVersion = 7.0.0;
			};
		};
		4EDB1D242A5F3DF400C56A6A /* XCRemoteSwiftPackageReference "SwiftKeychainWrapper" */ = {
			isa = XCRemoteSwiftPackageReference;
			repositoryURL = "https://github.com/jrendel/SwiftKeychainWrapper.git";
			requirement = {
				kind = upToNextMajorVersion;
				minimumVersion = 4.0.0;
			};
		};
/* End XCRemoteSwiftPackageReference section */

/* Begin XCSwiftPackageProductDependency section */
		4EB017E72A5749C100C3BA04 /* ProgressHUD */ = {
			isa = XCSwiftPackageProductDependency;
			package = 4EB017E62A5749C100C3BA04 /* XCRemoteSwiftPackageReference "ProgressHUD" */;
			productName = ProgressHUD;
		};
		4EDB1D222A5EF35E00C56A6A /* Kingfisher */ = {
			isa = XCSwiftPackageProductDependency;
			package = 4EDB1D212A5EF35E00C56A6A /* XCRemoteSwiftPackageReference "Kingfisher" */;
			productName = Kingfisher;
		};
		4EDB1D252A5F3DF400C56A6A /* SwiftKeychainWrapper */ = {
			isa = XCSwiftPackageProductDependency;
			package = 4EDB1D242A5F3DF400C56A6A /* XCRemoteSwiftPackageReference "SwiftKeychainWrapper" */;
			productName = SwiftKeychainWrapper;
		};
/* End XCSwiftPackageProductDependency section */
	};
	rootObject = 7D9CFA3728DDEE7F00D971A7 /* Project object */;
}
